# generated by rye
# use `rye lock` or `rye sync` to update this lockfile
#
# last locked with the following flags:
#   pre: false
#   features: []
#   all-features: false
#   with-sources: false

-e file:.
attrs==23.2.0
    # via jsonschema
    # via referencing
jsonschema==4.21.1
    # via emoji-toolbelt
    # via jsonschema-typed
jsonschema-specifications==2023.12.1
    # via jsonschema
jsonschema-typed==0.8.1
    # via emoji-toolbelt
mypy==1.9.0
    # via jsonschema-typed
mypy-extensions==1.0.0
    # via mypy
pyhumps==3.8.0
    # via emoji-toolbelt
referencing==0.34.0
    # via jsonschema
    # via jsonschema-specifications
rpds-py==0.18.0
    # via jsonschema
    # via referencing
typing-extensions==4.10.0
    # via mypy
